// !$*UTF8*$!
{
	archiveVersion = 1;
	classes = {
	};
	objectVersion = 48;
	objects = {

/* Begin PBXBuildFile section */
		2D984BA120353A6800CAABD5 /* AppDelegate.swift in Sources */ = {isa = PBXBuildFile; fileRef = 2D984BA020353A6800CAABD5 /* AppDelegate.swift */; };
		2D984BA620353A6800CAABD5 /* Main.storyboard in Resources */ = {isa = PBXBuildFile; fileRef = 2D984BA420353A6800CAABD5 /* Main.storyboard */; };
		2D984BA820353A6800CAABD5 /* Assets.xcassets in Resources */ = {isa = PBXBuildFile; fileRef = 2D984BA720353A6800CAABD5 /* Assets.xcassets */; };
		2D984BAB20353A6800CAABD5 /* LaunchScreen.storyboard in Resources */ = {isa = PBXBuildFile; fileRef = 2D984BA920353A6800CAABD5 /* LaunchScreen.storyboard */; };
		2D984BB620353A6800CAABD5 /* FlixAppTests.swift in Sources */ = {isa = PBXBuildFile; fileRef = 2D984BB520353A6800CAABD5 /* FlixAppTests.swift */; };
		2D984BC120353A6800CAABD5 /* FlixAppUITests.swift in Sources */ = {isa = PBXBuildFile; fileRef = 2D984BC020353A6800CAABD5 /* FlixAppUITests.swift */; };
		2D984BCF20354DF100CAABD5 /* NowPlayingViewController.swift in Sources */ = {isa = PBXBuildFile; fileRef = 2D984BCE20354DF100CAABD5 /* NowPlayingViewController.swift */; };
		588DFA1394F0DE28FC41390E /* Pods_FlixAppTests.framework in Frameworks */ = {isa = PBXBuildFile; fileRef = A47309D27119F829DFD66E40 /* Pods_FlixAppTests.framework */; };
		CB44BBA589087782545CD8F7 /* Pods_FlixAppUITests.framework in Frameworks */ = {isa = PBXBuildFile; fileRef = EA4FD7E9C1E5563AF76B4545 /* Pods_FlixAppUITests.framework */; };
		D365AE662FDD96D079A22949 /* Pods_FlixApp.framework in Frameworks */ = {isa = PBXBuildFile; fileRef = 881E4CEF804C409019EEA013 /* Pods_FlixApp.framework */; };
		F2C44ED1204776980018FF23 /* MovieCell.swift in Sources */ = {isa = PBXBuildFile; fileRef = F2C44ED0204776980018FF23 /* MovieCell.swift */; };
/* End PBXBuildFile section */

/* Begin PBXContainerItemProxy section */
		2D984BB220353A6800CAABD5 /* PBXContainerItemProxy */ = {
			isa = PBXContainerItemProxy;
			containerPortal = 2D984B9520353A6800CAABD5 /* Project object */;
			proxyType = 1;
			remoteGlobalIDString = 2D984B9C20353A6800CAABD5;
			remoteInfo = FlixApp;
		};
		2D984BBD20353A6800CAABD5 /* PBXContainerItemProxy */ = {
			isa = PBXContainerItemProxy;
			containerPortal = 2D984B9520353A6800CAABD5 /* Project object */;
			proxyType = 1;
			remoteGlobalIDString = 2D984B9C20353A6800CAABD5;
			remoteInfo = FlixApp;
		};
/* End PBXContainerItemProxy section */

/* Begin PBXFileReference section */
		2D984B9D20353A6800CAABD5 /* FlixApp.app */ = {isa = PBXFileReference; explicitFileType = wrapper.application; includeInIndex = 0; path = FlixApp.app; sourceTree = BUILT_PRODUCTS_DIR; };
		2D984BA020353A6800CAABD5 /* AppDelegate.swift */ = {isa = PBXFileReference; lastKnownFileType = sourcecode.swift; path = AppDelegate.swift; sourceTree = "<group>"; };
		2D984BA520353A6800CAABD5 /* Base */ = {isa = PBXFileReference; lastKnownFileType = file.storyboard; name = Base; path = Base.lproj/Main.storyboard; sourceTree = "<group>"; };
		2D984BA720353A6800CAABD5 /* Assets.xcassets */ = {isa = PBXFileReference; lastKnownFileType = folder.assetcatalog; path = Assets.xcassets; sourceTree = "<group>"; };
		2D984BAA20353A6800CAABD5 /* Base */ = {isa = PBXFileReference; lastKnownFileType = file.storyboard; name = Base; path = Base.lproj/LaunchScreen.storyboard; sourceTree = "<group>"; };
		2D984BAC20353A6800CAABD5 /* Info.plist */ = {isa = PBXFileReference; lastKnownFileType = text.plist.xml; path = Info.plist; sourceTree = "<group>"; };
		2D984BB120353A6800CAABD5 /* FlixAppTests.xctest */ = {isa = PBXFileReference; explicitFileType = wrapper.cfbundle; includeInIndex = 0; path = FlixAppTests.xctest; sourceTree = BUILT_PRODUCTS_DIR; };
		2D984BB520353A6800CAABD5 /* FlixAppTests.swift */ = {isa = PBXFileReference; lastKnownFileType = sourcecode.swift; path = FlixAppTests.swift; sourceTree = "<group>"; };
		2D984BB720353A6800CAABD5 /* Info.plist */ = {isa = PBXFileReference; lastKnownFileType = text.plist.xml; path = Info.plist; sourceTree = "<group>"; };
		2D984BBC20353A6800CAABD5 /* FlixAppUITests.xctest */ = {isa = PBXFileReference; explicitFileType = wrapper.cfbundle; includeInIndex = 0; path = FlixAppUITests.xctest; sourceTree = BUILT_PRODUCTS_DIR; };
		2D984BC020353A6800CAABD5 /* FlixAppUITests.swift */ = {isa = PBXFileReference; lastKnownFileType = sourcecode.swift; path = FlixAppUITests.swift; sourceTree = "<group>"; };
		2D984BC220353A6800CAABD5 /* Info.plist */ = {isa = PBXFileReference; lastKnownFileType = text.plist.xml; path = Info.plist; sourceTree = "<group>"; };
		2D984BCE20354DF100CAABD5 /* NowPlayingViewController.swift */ = {isa = PBXFileReference; lastKnownFileType = sourcecode.swift; path = NowPlayingViewController.swift; sourceTree = "<group>"; };
		64294E701F3F34895FBCEBF1 /* Pods-FlixAppUITests.debug.xcconfig */ = {isa = PBXFileReference; includeInIndex = 1; lastKnownFileType = text.xcconfig; name = "Pods-FlixAppUITests.debug.xcconfig"; path = "Pods/Target Support Files/Pods-FlixAppUITests/Pods-FlixAppUITests.debug.xcconfig"; sourceTree = "<group>"; };
		6D385A80E2142A758CD7FDAF /* Pods-FlixAppUITests.release.xcconfig */ = {isa = PBXFileReference; includeInIndex = 1; lastKnownFileType = text.xcconfig; name = "Pods-FlixAppUITests.release.xcconfig"; path = "Pods/Target Support Files/Pods-FlixAppUITests/Pods-FlixAppUITests.release.xcconfig"; sourceTree = "<group>"; };
		7F361E5D2B3A88BE94124328 /* Pods-FlixAppTests.debug.xcconfig */ = {isa = PBXFileReference; includeInIndex = 1; lastKnownFileType = text.xcconfig; name = "Pods-FlixAppTests.debug.xcconfig"; path = "Pods/Target Support Files/Pods-FlixAppTests/Pods-FlixAppTests.debug.xcconfig"; sourceTree = "<group>"; };
		881E4CEF804C409019EEA013 /* Pods_FlixApp.framework */ = {isa = PBXFileReference; explicitFileType = wrapper.framework; includeInIndex = 0; path = Pods_FlixApp.framework; sourceTree = BUILT_PRODUCTS_DIR; };
		A47309D27119F829DFD66E40 /* Pods_FlixAppTests.framework */ = {isa = PBXFileReference; explicitFileType = wrapper.framework; includeInIndex = 0; path = Pods_FlixAppTests.framework; sourceTree = BUILT_PRODUCTS_DIR; };
		CCF15E0F076BA938CD05E004 /* Pods-FlixApp.debug.xcconfig */ = {isa = PBXFileReference; includeInIndex = 1; lastKnownFileType = text.xcconfig; name = "Pods-FlixApp.debug.xcconfig"; path = "Pods/Target Support Files/Pods-FlixApp/Pods-FlixApp.debug.xcconfig"; sourceTree = "<group>"; };
		D50949DE90FAD985E658AF62 /* Pods-FlixAppTests.release.xcconfig */ = {isa = PBXFileReference; includeInIndex = 1; lastKnownFileType = text.xcconfig; name = "Pods-FlixAppTests.release.xcconfig"; path = "Pods/Target Support Files/Pods-FlixAppTests/Pods-FlixAppTests.release.xcconfig"; sourceTree = "<group>"; };
		EA4FD7E9C1E5563AF76B4545 /* Pods_FlixAppUITests.framework */ = {isa = PBXFileReference; explicitFileType = wrapper.framework; includeInIndex = 0; path = Pods_FlixAppUITests.framework; sourceTree = BUILT_PRODUCTS_DIR; };
		F2C44ED0204776980018FF23 /* MovieCell.swift */ = {isa = PBXFileReference; lastKnownFileType = sourcecode.swift; path = MovieCell.swift; sourceTree = "<group>"; };
		F6B17B32F625574EAE7C31AF /* Pods-FlixApp.release.xcconfig */ = {isa = PBXFileReference; includeInIndex = 1; lastKnownFileType = text.xcconfig; name = "Pods-FlixApp.release.xcconfig"; path = "Pods/Target Support Files/Pods-FlixApp/Pods-FlixApp.release.xcconfig"; sourceTree = "<group>"; };
/* End PBXFileReference section */

/* Begin PBXFrameworksBuildPhase section */
		2D984B9A20353A6800CAABD5 /* Frameworks */ = {
			isa = PBXFrameworksBuildPhase;
			buildActionMask = 2147483647;
			files = (
				D365AE662FDD96D079A22949 /* Pods_FlixApp.framework in Frameworks */,
			);
			runOnlyForDeploymentPostprocessing = 0;
		};
		2D984BAE20353A6800CAABD5 /* Frameworks */ = {
			isa = PBXFrameworksBuildPhase;
			buildActionMask = 2147483647;
			files = (
				588DFA1394F0DE28FC41390E /* Pods_FlixAppTests.framework in Frameworks */,
			);
			runOnlyForDeploymentPostprocessing = 0;
		};
		2D984BB920353A6800CAABD5 /* Frameworks */ = {
			isa = PBXFrameworksBuildPhase;
			buildActionMask = 2147483647;
			files = (
				CB44BBA589087782545CD8F7 /* Pods_FlixAppUITests.framework in Frameworks */,
			);
			runOnlyForDeploymentPostprocessing = 0;
		};
/* End PBXFrameworksBuildPhase section */

/* Begin PBXGroup section */
		2D984B9420353A6800CAABD5 = {
			isa = PBXGroup;
			children = (
				2D984B9F20353A6800CAABD5 /* FlixApp */,
				2D984BB420353A6800CAABD5 /* FlixAppTests */,
				2D984BBF20353A6800CAABD5 /* FlixAppUITests */,
				2D984B9E20353A6800CAABD5 /* Products */,
				D99C2D8EA3EE65BFE7560734 /* Pods */,
				EFE920DA2269378A1613C155 /* Frameworks */,
			);
			sourceTree = "<group>";
		};
		2D984B9E20353A6800CAABD5 /* Products */ = {
			isa = PBXGroup;
			children = (
				2D984B9D20353A6800CAABD5 /* FlixApp.app */,
				2D984BB120353A6800CAABD5 /* FlixAppTests.xctest */,
				2D984BBC20353A6800CAABD5 /* FlixAppUITests.xctest */,
			);
			name = Products;
			sourceTree = "<group>";
		};
		2D984B9F20353A6800CAABD5 /* FlixApp */ = {
			isa = PBXGroup;
			children = (
				2D984BCE20354DF100CAABD5 /* NowPlayingViewController.swift */,
				2D984BA020353A6800CAABD5 /* AppDelegate.swift */,
				F2C44ED0204776980018FF23 /* MovieCell.swift */,
				2D984BA420353A6800CAABD5 /* Main.storyboard */,
				2D984BA720353A6800CAABD5 /* Assets.xcassets */,
				2D984BA920353A6800CAABD5 /* LaunchScreen.storyboard */,
				2D984BAC20353A6800CAABD5 /* Info.plist */,
			);
			path = FlixApp;
			sourceTree = "<group>";
		};
		2D984BB420353A6800CAABD5 /* FlixAppTests */ = {
			isa = PBXGroup;
			children = (
				2D984BB520353A6800CAABD5 /* FlixAppTests.swift */,
				2D984BB720353A6800CAABD5 /* Info.plist */,
			);
			path = FlixAppTests;
			sourceTree = "<group>";
		};
		2D984BBF20353A6800CAABD5 /* FlixAppUITests */ = {
			isa = PBXGroup;
			children = (
				2D984BC020353A6800CAABD5 /* FlixAppUITests.swift */,
				2D984BC220353A6800CAABD5 /* Info.plist */,
			);
			path = FlixAppUITests;
			sourceTree = "<group>";
		};
		D99C2D8EA3EE65BFE7560734 /* Pods */ = {
			isa = PBXGroup;
			children = (
				CCF15E0F076BA938CD05E004 /* Pods-FlixApp.debug.xcconfig */,
				F6B17B32F625574EAE7C31AF /* Pods-FlixApp.release.xcconfig */,
				7F361E5D2B3A88BE94124328 /* Pods-FlixAppTests.debug.xcconfig */,
				D50949DE90FAD985E658AF62 /* Pods-FlixAppTests.release.xcconfig */,
				64294E701F3F34895FBCEBF1 /* Pods-FlixAppUITests.debug.xcconfig */,
				6D385A80E2142A758CD7FDAF /* Pods-FlixAppUITests.release.xcconfig */,
			);
			name = Pods;
			sourceTree = "<group>";
		};
		EFE920DA2269378A1613C155 /* Frameworks */ = {
			isa = PBXGroup;
			children = (
				881E4CEF804C409019EEA013 /* Pods_FlixApp.framework */,
				A47309D27119F829DFD66E40 /* Pods_FlixAppTests.framework */,
				EA4FD7E9C1E5563AF76B4545 /* Pods_FlixAppUITests.framework */,
			);
			name = Frameworks;
			sourceTree = "<group>";
		};
/* End PBXGroup section */

/* Begin PBXNativeTarget section */
		2D984B9C20353A6800CAABD5 /* FlixApp */ = {
			isa = PBXNativeTarget;
			buildConfigurationList = 2D984BC520353A6800CAABD5 /* Build configuration list for PBXNativeTarget "FlixApp" */;
			buildPhases = (
				1D692C6DDC8792F904CAB3B6 /* [CP] Check Pods Manifest.lock */,
				2D984B9920353A6800CAABD5 /* Sources */,
				2D984B9A20353A6800CAABD5 /* Frameworks */,
				2D984B9B20353A6800CAABD5 /* Resources */,
				26F26661A86594289FC252AB /* [CP] Embed Pods Frameworks */,
				85C4D2CDEBBAF49AF5DAFC8C /* [CP] Copy Pods Resources */,
			);
			buildRules = (
			);
			dependencies = (
			);
			name = FlixApp;
			productName = FlixApp;
			productReference = 2D984B9D20353A6800CAABD5 /* FlixApp.app */;
			productType = "com.apple.product-type.application";
		};
		2D984BB020353A6800CAABD5 /* FlixAppTests */ = {
			isa = PBXNativeTarget;
			buildConfigurationList = 2D984BC820353A6800CAABD5 /* Build configuration list for PBXNativeTarget "FlixAppTests" */;
			buildPhases = (
				5D9050B21CE5042D304714B9 /* [CP] Check Pods Manifest.lock */,
				2D984BAD20353A6800CAABD5 /* Sources */,
				2D984BAE20353A6800CAABD5 /* Frameworks */,
				2D984BAF20353A6800CAABD5 /* Resources */,
				DF7A762AA5918FA0247324BE /* [CP] Embed Pods Frameworks */,
				CD45B01720EDE9F0C87AE46A /* [CP] Copy Pods Resources */,
			);
			buildRules = (
			);
			dependencies = (
				2D984BB320353A6800CAABD5 /* PBXTargetDependency */,
			);
			name = FlixAppTests;
			productName = FlixAppTests;
			productReference = 2D984BB120353A6800CAABD5 /* FlixAppTests.xctest */;
			productType = "com.apple.product-type.bundle.unit-test";
		};
		2D984BBB20353A6800CAABD5 /* FlixAppUITests */ = {
			isa = PBXNativeTarget;
			buildConfigurationList = 2D984BCB20353A6800CAABD5 /* Build configuration list for PBXNativeTarget "FlixAppUITests" */;
			buildPhases = (
				12B737787436B82A200A28D8 /* [CP] Check Pods Manifest.lock */,
				2D984BB820353A6800CAABD5 /* Sources */,
				2D984BB920353A6800CAABD5 /* Frameworks */,
				2D984BBA20353A6800CAABD5 /* Resources */,
				3F7B9DDA1218945886BD6A3A /* [CP] Embed Pods Frameworks */,
				5DD6DB1BB4A69488DC5A4CF4 /* [CP] Copy Pods Resources */,
			);
			buildRules = (
			);
			dependencies = (
				2D984BBE20353A6800CAABD5 /* PBXTargetDependency */,
			);
			name = FlixAppUITests;
			productName = FlixAppUITests;
			productReference = 2D984BBC20353A6800CAABD5 /* FlixAppUITests.xctest */;
			productType = "com.apple.product-type.bundle.ui-testing";
		};
/* End PBXNativeTarget section */

/* Begin PBXProject section */
		2D984B9520353A6800CAABD5 /* Project object */ = {
			isa = PBXProject;
			attributes = {
				LastSwiftUpdateCheck = 0920;
				LastUpgradeCheck = 0920;
				ORGANIZATIONNAME = "Samuel Raymond";
				TargetAttributes = {
					2D984B9C20353A6800CAABD5 = {
						CreatedOnToolsVersion = 9.2;
						ProvisioningStyle = Automatic;
					};
					2D984BB020353A6800CAABD5 = {
						CreatedOnToolsVersion = 9.2;
						ProvisioningStyle = Automatic;
						TestTargetID = 2D984B9C20353A6800CAABD5;
					};
					2D984BBB20353A6800CAABD5 = {
						CreatedOnToolsVersion = 9.2;
						ProvisioningStyle = Automatic;
						TestTargetID = 2D984B9C20353A6800CAABD5;
					};
				};
			};
			buildConfigurationList = 2D984B9820353A6800CAABD5 /* Build configuration list for PBXProject "FlixApp" */;
			compatibilityVersion = "Xcode 8.0";
			developmentRegion = en;
			hasScannedForEncodings = 0;
			knownRegions = (
				en,
				Base,
			);
			mainGroup = 2D984B9420353A6800CAABD5;
			productRefGroup = 2D984B9E20353A6800CAABD5 /* Products */;
			projectDirPath = "";
			projectRoot = "";
			targets = (
				2D984B9C20353A6800CAABD5 /* FlixApp */,
				2D984BB020353A6800CAABD5 /* FlixAppTests */,
				2D984BBB20353A6800CAABD5 /* FlixAppUITests */,
			);
		};
/* End PBXProject section */

/* Begin PBXResourcesBuildPhase section */
		2D984B9B20353A6800CAABD5 /* Resources */ = {
			isa = PBXResourcesBuildPhase;
			buildActionMask = 2147483647;
			files = (
				2D984BAB20353A6800CAABD5 /* LaunchScreen.storyboard in Resources */,
				2D984BA820353A6800CAABD5 /* Assets.xcassets in Resources */,
				2D984BA620353A6800CAABD5 /* Main.storyboard in Resources */,
			);
			runOnlyForDeploymentPostprocessing = 0;
		};
		2D984BAF20353A6800CAABD5 /* Resources */ = {
			isa = PBXResourcesBuildPhase;
			buildActionMask = 2147483647;
			files = (
			);
			runOnlyForDeploymentPostprocessing = 0;
		};
		2D984BBA20353A6800CAABD5 /* Resources */ = {
			isa = PBXResourcesBuildPhase;
			buildActionMask = 2147483647;
			files = (
			);
			runOnlyForDeploymentPostprocessing = 0;
		};
/* End PBXResourcesBuildPhase section */

/* Begin PBXShellScriptBuildPhase section */
		12B737787436B82A200A28D8 /* [CP] Check Pods Manifest.lock */ = {
			isa = PBXShellScriptBuildPhase;
			buildActionMask = 2147483647;
			files = (
			);
			inputPaths = (
				"${PODS_PODFILE_DIR_PATH}/Podfile.lock",
				"${PODS_ROOT}/Manifest.lock",
			);
			name = "[CP] Check Pods Manifest.lock";
			outputPaths = (
				"$(DERIVED_FILE_DIR)/Pods-FlixAppUITests-checkManifestLockResult.txt",
			);
			runOnlyForDeploymentPostprocessing = 0;
			shellPath = /bin/sh;
			shellScript = "diff \"${PODS_PODFILE_DIR_PATH}/Podfile.lock\" \"${PODS_ROOT}/Manifest.lock\" > /dev/null\nif [ $? != 0 ] ; then\n    # print error to STDERR\n    echo \"error: The sandbox is not in sync with the Podfile.lock. Run 'pod install' or update your CocoaPods installation.\" >&2\n    exit 1\nfi\n# This output is used by Xcode 'outputs' to avoid re-running this script phase.\necho \"SUCCESS\" > \"${SCRIPT_OUTPUT_FILE_0}\"\n";
			showEnvVarsInLog = 0;
		};
		1D692C6DDC8792F904CAB3B6 /* [CP] Check Pods Manifest.lock */ = {
			isa = PBXShellScriptBuildPhase;
			buildActionMask = 2147483647;
			files = (
			);
			inputPaths = (
				"${PODS_PODFILE_DIR_PATH}/Podfile.lock",
				"${PODS_ROOT}/Manifest.lock",
			);
			name = "[CP] Check Pods Manifest.lock";
			outputPaths = (
				"$(DERIVED_FILE_DIR)/Pods-FlixApp-checkManifestLockResult.txt",
			);
			runOnlyForDeploymentPostprocessing = 0;
			shellPath = /bin/sh;
			shellScript = "diff \"${PODS_PODFILE_DIR_PATH}/Podfile.lock\" \"${PODS_ROOT}/Manifest.lock\" > /dev/null\nif [ $? != 0 ] ; then\n    # print error to STDERR\n    echo \"error: The sandbox is not in sync with the Podfile.lock. Run 'pod install' or update your CocoaPods installation.\" >&2\n    exit 1\nfi\n# This output is used by Xcode 'outputs' to avoid re-running this script phase.\necho \"SUCCESS\" > \"${SCRIPT_OUTPUT_FILE_0}\"\n";
			showEnvVarsInLog = 0;
		};
		26F26661A86594289FC252AB /* [CP] Embed Pods Frameworks */ = {
			isa = PBXShellScriptBuildPhase;
			buildActionMask = 2147483647;
			files = (
			);
			inputPaths = (
				"${SRCROOT}/Pods/Target Support Files/Pods-FlixApp/Pods-FlixApp-frameworks.sh",
				"${BUILT_PRODUCTS_DIR}/Alamofire/Alamofire.framework",
				"${BUILT_PRODUCTS_DIR}/AlamofireImage/AlamofireImage.framework",
			);
			name = "[CP] Embed Pods Frameworks";
			outputPaths = (
				"${TARGET_BUILD_DIR}/${FRAMEWORKS_FOLDER_PATH}/Alamofire.framework",
				"${TARGET_BUILD_DIR}/${FRAMEWORKS_FOLDER_PATH}/AlamofireImage.framework",
			);
			runOnlyForDeploymentPostprocessing = 0;
			shellPath = /bin/sh;
			shellScript = "\"${SRCROOT}/Pods/Target Support Files/Pods-FlixApp/Pods-FlixApp-frameworks.sh\"\n";
			showEnvVarsInLog = 0;
		};
		3F7B9DDA1218945886BD6A3A /* [CP] Embed Pods Frameworks */ = {
			isa = PBXShellScriptBuildPhase;
			buildActionMask = 2147483647;
			files = (
			);
			inputPaths = (
			);
			name = "[CP] Embed Pods Frameworks";
			outputPaths = (
			);
			runOnlyForDeploymentPostprocessing = 0;
			shellPath = /bin/sh;
			shellScript = "\"${SRCROOT}/Pods/Target Support Files/Pods-FlixAppUITests/Pods-FlixAppUITests-frameworks.sh\"\n";
			showEnvVarsInLog = 0;
		};
		5D9050B21CE5042D304714B9 /* [CP] Check Pods Manifest.lock */ = {
			isa = PBXShellScriptBuildPhase;
			buildActionMask = 2147483647;
			files = (
			);
			inputPaths = (
				"${PODS_PODFILE_DIR_PATH}/Podfile.lock",
				"${PODS_ROOT}/Manifest.lock",
			);
			name = "[CP] Check Pods Manifest.lock";
			outputPaths = (
				"$(DERIVED_FILE_DIR)/Pods-FlixAppTests-checkManifestLockResult.txt",
			);
			runOnlyForDeploymentPostprocessing = 0;
			shellPath = /bin/sh;
			shellScript = "diff \"${PODS_PODFILE_DIR_PATH}/Podfile.lock\" \"${PODS_ROOT}/Manifest.lock\" > /dev/null\nif [ $? != 0 ] ; then\n    # print error to STDERR\n    echo \"error: The sandbox is not in sync with the Podfile.lock. Run 'pod install' or update your CocoaPods installation.\" >&2\n    exit 1\nfi\n# This output is used by Xcode 'outputs' to avoid re-running this script phase.\necho \"SUCCESS\" > \"${SCRIPT_OUTPUT_FILE_0}\"\n";
			showEnvVarsInLog = 0;
		};
		5DD6DB1BB4A69488DC5A4CF4 /* [CP] Copy Pods Resources */ = {
			isa = PBXShellScriptBuildPhase;
			buildActionMask = 2147483647;
			files = (
			);
			inputPaths = (
			);
			name = "[CP] Copy Pods Resources";
			outputPaths = (
			);
			runOnlyForDeploymentPostprocessing = 0;
			shellPath = /bin/sh;
			shellScript = "\"${SRCROOT}/Pods/Target Support Files/Pods-FlixAppUITests/Pods-FlixAppUITests-resources.sh\"\n";
			showEnvVarsInLog = 0;
		};
		85C4D2CDEBBAF49AF5DAFC8C /* [CP] Copy Pods Resources */ = {
			isa = PBXShellScriptBuildPhase;
			buildActionMask = 2147483647;
			files = (
			);
			inputPaths = (
			);
			name = "[CP] Copy Pods Resources";
			outputPaths = (
			);
			runOnlyForDeploymentPostprocessing = 0;
			shellPath = /bin/sh;
			shellScript = "\"${SRCROOT}/Pods/Target Support Files/Pods-FlixApp/Pods-FlixApp-resources.sh\"\n";
			showEnvVarsInLog = 0;
		};
		CD45B01720EDE9F0C87AE46A /* [CP] Copy Pods Resources */ = {
			isa = PBXShellScriptBuildPhase;
			buildActionMask = 2147483647;
			files = (
			);
			inputPaths = (
			);
			name = "[CP] Copy Pods Resources";
			outputPaths = (
			);
			runOnlyForDeploymentPostprocessing = 0;
			shellPath = /bin/sh;
			shellScript = "\"${SRCROOT}/Pods/Target Support Files/Pods-FlixAppTests/Pods-FlixAppTests-resources.sh\"\n";
			showEnvVarsInLog = 0;
		};
		DF7A762AA5918FA0247324BE /* [CP] Embed Pods Frameworks */ = {
			isa = PBXShellScriptBuildPhase;
			buildActionMask = 2147483647;
			files = (
			);
			inputPaths = (
			);
			name = "[CP] Embed Pods Frameworks";
			outputPaths = (
			);
			runOnlyForDeploymentPostprocessing = 0;
			shellPath = /bin/sh;
			shellScript = "\"${SRCROOT}/Pods/Target Support Files/Pods-FlixAppTests/Pods-FlixAppTests-frameworks.sh\"\n";
			showEnvVarsInLog = 0;
		};
/* End PBXShellScriptBuildPhase section */

/* Begin PBXSourcesBuildPhase section */
		2D984B9920353A6800CAABD5 /* Sources */ = {
			isa = PBXSourcesBuildPhase;
			buildActionMask = 2147483647;
			files = (
				2D984BCF20354DF100CAABD5 /* NowPlayingViewController.swift in Sources */,
				2D984BA120353A6800CAABD5 /* AppDelegate.swift in Sources */,
				F2C44ED1204776980018FF23 /* MovieCell.swift in Sources */,
			);
			runOnlyForDeploymentPostprocessing = 0;
		};
		2D984BAD20353A6800CAABD5 /* Sources */ = {
			isa = PBXSourcesBuildPhase;
			buildActionMask = 2147483647;
			files = (
				2D984BB620353A6800CAABD5 /* FlixAppTests.swift in Sources */,
			);
			runOnlyForDeploymentPostprocessing = 0;
		};
		2D984BB820353A6800CAABD5 /* Sources */ = {
			isa = PBXSourcesBuildPhase;
			buildActionMask = 2147483647;
			files = (
				2D984BC120353A6800CAABD5 /* FlixAppUITests.swift in Sources */,
			);
			runOnlyForDeploymentPostprocessing = 0;
		};
/* End PBXSourcesBuildPhase section */

/* Begin PBXTargetDependency section */
		2D984BB320353A6800CAABD5 /* PBXTargetDependency */ = {
			isa = PBXTargetDependency;
			target = 2D984B9C20353A6800CAABD5 /* FlixApp */;
			targetProxy = 2D984BB220353A6800CAABD5 /* PBXContainerItemProxy */;
		};
		2D984BBE20353A6800CAABD5 /* PBXTargetDependency */ = {
			isa = PBXTargetDependency;
			target = 2D984B9C20353A6800CAABD5 /* FlixApp */;
			targetProxy = 2D984BBD20353A6800CAABD5 /* PBXContainerItemProxy */;
		};
/* End PBXTargetDependency section */

/* Begin PBXVariantGroup section */
		2D984BA420353A6800CAABD5 /* Main.storyboard */ = {
			isa = PBXVariantGroup;
			children = (
				2D984BA520353A6800CAABD5 /* Base */,
			);
			name = Main.storyboard;
			sourceTree = "<group>";
		};
		2D984BA920353A6800CAABD5 /* LaunchScreen.storyboard */ = {
			isa = PBXVariantGroup;
			children = (
				2D984BAA20353A6800CAABD5 /* Base */,
			);
			name = LaunchScreen.storyboard;
			sourceTree = "<group>";
		};
/* End PBXVariantGroup section */

/* Begin XCBuildConfiguration section */
		2D984BC320353A6800CAABD5 /* Debug */ = {
			isa = XCBuildConfiguration;
			buildSettings = {
				ALWAYS_SEARCH_USER_PATHS = NO;
				CLANG_ANALYZER_NONNULL = YES;
				CLANG_ANALYZER_NUMBER_OBJECT_CONVERSION = YES_AGGRESSIVE;
				CLANG_CXX_LANGUAGE_STANDARD = "gnu++14";
				CLANG_CXX_LIBRARY = "libc++";
				CLANG_ENABLE_MODULES = YES;
				CLANG_ENABLE_OBJC_ARC = YES;
				CLANG_WARN_BLOCK_CAPTURE_AUTORELEASING = YES;
				CLANG_WARN_BOOL_CONVERSION = YES;
				CLANG_WARN_COMMA = YES;
				CLANG_WARN_CONSTANT_CONVERSION = YES;
				CLANG_WARN_DIRECT_OBJC_ISA_USAGE = YES_ERROR;
				CLANG_WARN_DOCUMENTATION_COMMENTS = YES;
				CLANG_WARN_EMPTY_BODY = YES;
				CLANG_WARN_ENUM_CONVERSION = YES;
				CLANG_WARN_INFINITE_RECURSION = YES;
				CLANG_WARN_INT_CONVERSION = YES;
				CLANG_WARN_NON_LITERAL_NULL_CONVERSION = YES;
				CLANG_WARN_OBJC_LITERAL_CONVERSION = YES;
				CLANG_WARN_OBJC_ROOT_CLASS = YES_ERROR;
				CLANG_WARN_RANGE_LOOP_ANALYSIS = YES;
				CLANG_WARN_STRICT_PROTOTYPES = YES;
				CLANG_WARN_SUSPICIOUS_MOVE = YES;
				CLANG_WARN_UNGUARDED_AVAILABILITY = YES_AGGRESSIVE;
				CLANG_WARN_UNREACHABLE_CODE = YES;
				CLANG_WARN__DUPLICATE_METHOD_MATCH = YES;
				CODE_SIGN_IDENTITY = "iPhone Developer";
				COPY_PHASE_STRIP = NO;
				DEBUG_INFORMATION_FORMAT = dwarf;
				ENABLE_STRICT_OBJC_MSGSEND = YES;
				ENABLE_TESTABILITY = YES;
				GCC_C_LANGUAGE_STANDARD = gnu11;
				GCC_DYNAMIC_NO_PIC = NO;
				GCC_NO_COMMON_BLOCKS = YES;
				GCC_OPTIMIZATION_LEVEL = 0;
				GCC_PREPROCESSOR_DEFINITIONS = (
					"DEBUG=1",
					"$(inherited)",
				);
				GCC_WARN_64_TO_32_BIT_CONVERSION = YES;
				GCC_WARN_ABOUT_RETURN_TYPE = YES_ERROR;
				GCC_WARN_UNDECLARED_SELECTOR = YES;
				GCC_WARN_UNINITIALIZED_AUTOS = YES_AGGRESSIVE;
				GCC_WARN_UNUSED_FUNCTION = YES;
				GCC_WARN_UNUSED_VARIABLE = YES;
				IPHONEOS_DEPLOYMENT_TARGET = 11.2;
				MTL_ENABLE_DEBUG_INFO = YES;
				ONLY_ACTIVE_ARCH = YES;
				SDKROOT = iphoneos;
				SWIFT_ACTIVE_COMPILATION_CONDITIONS = DEBUG;
				SWIFT_OPTIMIZATION_LEVEL = "-Onone";
			};
			name = Debug;
		};
		2D984BC420353A6800CAABD5 /* Release */ = {
			isa = XCBuildConfiguration;
			buildSettings = {
				ALWAYS_SEARCH_USER_PATHS = NO;
				CLANG_ANALYZER_NONNULL = YES;
				CLANG_ANALYZER_NUMBER_OBJECT_CONVERSION = YES_AGGRESSIVE;
				CLANG_CXX_LANGUAGE_STANDARD = "gnu++14";
				CLANG_CXX_LIBRARY = "libc++";
				CLANG_ENABLE_MODULES = YES;
				CLANG_ENABLE_OBJC_ARC = YES;
				CLANG_WARN_BLOCK_CAPTURE_AUTORELEASING = YES;
				CLANG_WARN_BOOL_CONVERSION = YES;
				CLANG_WARN_COMMA = YES;
				CLANG_WARN_CONSTANT_CONVERSION = YES;
				CLANG_WARN_DIRECT_OBJC_ISA_USAGE = YES_ERROR;
				CLANG_WARN_DOCUMENTATION_COMMENTS = YES;
				CLANG_WARN_EMPTY_BODY = YES;
				CLANG_WARN_ENUM_CONVERSION = YES;
				CLANG_WARN_INFINITE_RECURSION = YES;
				CLANG_WARN_INT_CONVERSION = YES;
				CLANG_WARN_NON_LITERAL_NULL_CONVERSION = YES;
				CLANG_WARN_OBJC_LITERAL_CONVERSION = YES;
				CLANG_WARN_OBJC_ROOT_CLASS = YES_ERROR;
				CLANG_WARN_RANGE_LOOP_ANALYSIS = YES;
				CLANG_WARN_STRICT_PROTOTYPES = YES;
				CLANG_WARN_SUSPICIOUS_MOVE = YES;
				CLANG_WARN_UNGUARDED_AVAILABILITY = YES_AGGRESSIVE;
				CLANG_WARN_UNREACHABLE_CODE = YES;
				CLANG_WARN__DUPLICATE_METHOD_MATCH = YES;
				CODE_SIGN_IDENTITY = "iPhone Developer";
				COPY_PHASE_STRIP = NO;
				DEBUG_INFORMATION_FORMAT = "dwarf-with-dsym";
				ENABLE_NS_ASSERTIONS = NO;
				ENABLE_STRICT_OBJC_MSGSEND = YES;
				GCC_C_LANGUAGE_STANDARD = gnu11;
				GCC_NO_COMMON_BLOCKS = YES;
				GCC_WARN_64_TO_32_BIT_CONVERSION = YES;
				GCC_WARN_ABOUT_RETURN_TYPE = YES_ERROR;
				GCC_WARN_UNDECLARED_SELECTOR = YES;
				GCC_WARN_UNINITIALIZED_AUTOS = YES_AGGRESSIVE;
				GCC_WARN_UNUSED_FUNCTION = YES;
				GCC_WARN_UNUSED_VARIABLE = YES;
				IPHONEOS_DEPLOYMENT_TARGET = 11.2;
				MTL_ENABLE_DEBUG_INFO = NO;
				SDKROOT = iphoneos;
				SWIFT_OPTIMIZATION_LEVEL = "-Owholemodule";
				VALIDATE_PRODUCT = YES;
			};
			name = Release;
		};
		2D984BC620353A6800CAABD5 /* Debug */ = {
			isa = XCBuildConfiguration;
			baseConfigurationReference = CCF15E0F076BA938CD05E004 /* Pods-FlixApp.debug.xcconfig */;
			buildSettings = {
				ASSETCATALOG_COMPILER_APPICON_NAME = AppIcon;
				CODE_SIGN_STYLE = Automatic;
				INFOPLIST_FILE = FlixApp/Info.plist;
				LD_RUNPATH_SEARCH_PATHS = "$(inherited) @executable_path/Frameworks";
				PRODUCT_BUNDLE_IDENTIFIER = Sam.FlixApp;
				PRODUCT_NAME = "$(TARGET_NAME)";
				SWIFT_VERSION = 4.0;
				TARGETED_DEVICE_FAMILY = "1,2";
			};
			name = Debug;
		};
		2D984BC720353A6800CAABD5 /* Release */ = {
			isa = XCBuildConfiguration;
			baseConfigurationReference = F6B17B32F625574EAE7C31AF /* Pods-FlixApp.release.xcconfig */;
			buildSettings = {
				ASSETCATALOG_COMPILER_APPICON_NAME = AppIcon;
				CODE_SIGN_STYLE = Automatic;
				INFOPLIST_FILE = FlixApp/Info.plist;
				LD_RUNPATH_SEARCH_PATHS = "$(inherited) @executable_path/Frameworks";
				PRODUCT_BUNDLE_IDENTIFIER = Sam.FlixApp;
				PRODUCT_NAME = "$(TARGET_NAME)";
				SWIFT_VERSION = 4.0;
				TARGETED_DEVICE_FAMILY = "1,2";
			};
			name = Release;
		};
		2D984BC920353A6800CAABD5 /* Debug */ = {
			isa = XCBuildConfiguration;
			baseConfigurationReference = 7F361E5D2B3A88BE94124328 /* Pods-FlixAppTests.debug.xcconfig */;
			buildSettings = {
				ALWAYS_EMBED_SWIFT_STANDARD_LIBRARIES = YES;
				BUNDLE_LOADER = "$(TEST_HOST)";
				CODE_SIGN_STYLE = Automatic;
				INFOPLIST_FILE = FlixAppTests/Info.plist;
				LD_RUNPATH_SEARCH_PATHS = "$(inherited) @executable_path/Frameworks @loader_path/Frameworks";
				PRODUCT_BUNDLE_IDENTIFIER = Sam.FlixAppTests;
				PRODUCT_NAME = "$(TARGET_NAME)";
				SWIFT_VERSION = 4.0;
				TARGETED_DEVICE_FAMILY = "1,2";
				TEST_HOST = "$(BUILT_PRODUCTS_DIR)/FlixApp.app/FlixApp";
			};
			name = Debug;
		};
		2D984BCA20353A6800CAABD5 /* Release */ = {
			isa = XCBuildConfiguration;
			baseConfigurationReference = D50949DE90FAD985E658AF62 /* Pods-FlixAppTests.release.xcconfig */;
			buildSettings = {
				ALWAYS_EMBED_SWIFT_STANDARD_LIBRARIES = YES;
				BUNDLE_LOADER = "$(TEST_HOST)";
				CODE_SIGN_STYLE = Automatic;
				INFOPLIST_FILE = FlixAppTests/Info.plist;
				LD_RUNPATH_SEARCH_PATHS = "$(inherited) @executable_path/Frameworks @loader_path/Frameworks";
				PRODUCT_BUNDLE_IDENTIFIER = Sam.FlixAppTests;
				PRODUCT_NAME = "$(TARGET_NAME)";
				SWIFT_VERSION = 4.0;
				TARGETED_DEVICE_FAMILY = "1,2";
				TEST_HOST = "$(BUILT_PRODUCTS_DIR)/FlixApp.app/FlixApp";
			};
			name = Release;
		};
		2D984BCC20353A6800CAABD5 /* Debug */ = {
			isa = XCBuildConfiguration;
			baseConfigurationReference = 64294E701F3F34895FBCEBF1 /* Pods-FlixAppUITests.debug.xcconfig */;
			buildSettings = {
				ALWAYS_EMBED_SWIFT_STANDARD_LIBRARIES = YES;
				CODE_SIGN_STYLE = Automatic;
				INFOPLIST_FILE = FlixAppUITests/Info.plist;
				LD_RUNPATH_SEARCH_PATHS = "$(inherited) @executable_path/Frameworks @loader_path/Frameworks";
				PRODUCT_BUNDLE_IDENTIFIER = Sam.FlixAppUITests;
				PRODUCT_NAME = "$(TARGET_NAME)";
				SWIFT_VERSION = 4.0;
				TARGETED_DEVICE_FAMILY = "1,2";
				TEST_TARGET_NAME = FlixApp;
			};
			name = Debug;
		};
		2D984BCD20353A6800CAABD5 /* Release */ = {
			isa = XCBuildConfiguration;
			baseConfigurationReference = 6D385A80E2142A758CD7FDAF /* Pods-FlixAppUITests.release.xcconfig */;
			buildSettings = {
				ALWAYS_EMBED_SWIFT_STANDARD_LIBRARIES = YES;
				CODE_SIGN_STYLE = Automatic;
				INFOPLIST_FILE = FlixAppUITests/Info.plist;
				LD_RUNPATH_SEARCH_PATHS = "$(inherited) @executable_path/Frameworks @loader_path/Frameworks";
				PRODUCT_BUNDLE_IDENTIFIER = Sam.FlixAppUITests;
				PRODUCT_NAME = "$(TARGET_NAME)";
				SWIFT_VERSION = 4.0;
				TARGETED_DEVICE_FAMILY = "1,2";
				TEST_TARGET_NAME = FlixApp;
			};
			name = Release;
		};
/* End XCBuildConfiguration section */

/* Begin XCConfigurationList section */
		2D984B9820353A6800CAABD5 /* Build configuration list for PBXProject "FlixApp" */ = {
			isa = XCConfigurationList;
			buildConfigurations = (
				2D984BC320353A6800CAABD5 /* Debug */,
				2D984BC420353A6800CAABD5 /* Release */,
			);
			defaultConfigurationIsVisible = 0;
			defaultConfigurationName = Release;
		};
		2D984BC520353A6800CAABD5 /* Build configuration list for PBXNativeTarget "FlixApp" */ = {
			isa = XCConfigurationList;
			buildConfigurations = (
				2D984BC620353A6800CAABD5 /* Debug */,
				2D984BC720353A6800CAABD5 /* Release */,
			);
			defaultConfigurationIsVisible = 0;
			defaultConfigurationName = Release;
		};
		2D984BC820353A6800CAABD5 /* Build configuration list for PBXNativeTarget "FlixAppTests" */ = {
			isa = XCConfigurationList;
			buildConfigurations = (
				2D984BC920353A6800CAABD5 /* Debug */,
				2D984BCA20353A6800CAABD5 /* Release */,
			);
			defaultConfigurationIsVisible = 0;
			defaultConfigurationName = Release;
		};
		2D984BCB20353A6800CAABD5 /* Build configuration list for PBXNativeTarget "FlixAppUITests" */ = {
			isa = XCConfigurationList;
			buildConfigurations = (
				2D984BCC20353A6800CAABD5 /* Debug */,
				2D984BCD20353A6800CAABD5 /* Release */,
			);
			defaultConfigurationIsVisible = 0;
			defaultConfigurationName = Release;
		};
/* End XCConfigurationList section */
	};
	rootObject = 2D984B9520353A6800CAABD5 /* Project object */;
}
